
Microsoft Visual Studio Solution File, Format Version 12.00
Project("{FAE04EC0-301F-11D3-BF4B-00C04F79EFBC}") = "Behavioral", "Behavioral\Behavioral.csproj", "{735380EE-EB21-4DF7-B253-52E099E9CD8B}"
EndProject
Global
	GlobalSection(SolutionConfigurationPlatforms) = preSolution
		Debug|Any CPU = Debug|Any CPU
		Release|Any CPU = Release|Any CPU
	EndGlobalSection
	GlobalSection(ProjectConfigurationPlatforms) = postSolution
		{735380EE-EB21-4DF7-B253-52E099E9CD8B}.Debug|Any CPU.ActiveCfg = Debug|Any CPU
		{735380EE-EB21-4DF7-B253-52E099E9CD8B}.Debug|Any CPU.Build.0 = Debug|Any CPU
		{735380EE-EB21-4DF7-B253-52E099E9CD8B}.Release|Any CPU.ActiveCfg = Release|Any CPU
		{735380EE-EB21-4DF7-B253-52E099E9CD8B}.Release|Any CPU.Build.0 = Release|Any CPU
	EndGlobalSection
EndGlobal
